# This file is automatically @generated by Cargo.
# It is not intended for manual editing.
[[package]]
name = "atk-sys"
version = "0.9.1"
source = "registry+https://github.com/rust-lang/crates.io-index"
checksum = "e552c1776737a4c80110d06b36d099f47c727335f9aaa5d942a72b6863a8ec6f"
dependencies = [
 "glib-sys",
 "gobject-sys",
 "libc",
 "pkg-config",
]

[[package]]
name = "azfeed"
version = "0.1.0"
dependencies = [
 "quick-xml 0.18.1",
 "rss",
 "serde",
 "serde_json",
 "toml",
 "web-view",
]

[[package]]
name = "bitflags"
version = "1.2.1"
source = "registry+https://github.com/rust-lang/crates.io-index"
checksum = "cf1de2fe8c75bc145a2f577add951f8134889b4795d47466a54a5c846d691693"

[[package]]
name = "boxfnonce"
version = "0.1.1"
source = "registry+https://github.com/rust-lang/crates.io-index"
checksum = "5988cb1d626264ac94100be357308f29ff7cbdd3b36bda27f450a4ee3f713426"

[[package]]
name = "cairo-sys-rs"
version = "0.9.2"
source = "registry+https://github.com/rust-lang/crates.io-index"
checksum = "ff65ba02cac715be836f63429ab00a767d48336efc5497c5637afb53b4f14d63"
dependencies = [
 "libc",
 "pkg-config",
]

[[package]]
name = "cc"
version = "1.0.50"
source = "registry+https://github.com/rust-lang/crates.io-index"
checksum = "95e28fa049fda1c330bcf9d723be7663a899c4679724b34c81e9f5a326aab8cd"

[[package]]
name = "cfg-if"
version = "0.1.10"
source = "registry+https://github.com/rust-lang/crates.io-index"
checksum = "4785bdd1c96b2a846b2bd7cc02e86b6b3dbf14e7e53446c4f54c92a361040822"

[[package]]
name = "darling"
version = "0.10.2"
source = "registry+https://github.com/rust-lang/crates.io-index"
checksum = "0d706e75d87e35569db781a9b5e2416cff1236a47ed380831f959382ccd5f858"
dependencies = [
 "darling_core",
 "darling_macro",
]

[[package]]
name = "darling_core"
version = "0.10.2"
source = "registry+https://github.com/rust-lang/crates.io-index"
checksum = "f0c960ae2da4de88a91b2d920c2a7233b400bc33cb28453a2987822d8392519b"
dependencies = [
 "fnv",
 "ident_case",
 "proc-macro2",
 "quote",
 "strsim",
 "syn",
]

[[package]]
name = "darling_macro"
version = "0.10.2"
source = "registry+https://github.com/rust-lang/crates.io-index"
checksum = "d9b5a2f4ac4969822c62224815d069952656cadc7084fdca9751e6d959189b72"
dependencies = [
 "darling_core",
 "quote",
 "syn",
]

[[package]]
name = "derive_builder"
version = "0.9.0"
source = "registry+https://github.com/rust-lang/crates.io-index"
checksum = "a2658621297f2cf68762a6f7dc0bb7e1ff2cfd6583daef8ee0fed6f7ec468ec0"
dependencies = [
 "darling",
 "derive_builder_core",
 "proc-macro2",
 "quote",
 "syn",
]

[[package]]
name = "derive_builder_core"
version = "0.9.0"
source = "registry+https://github.com/rust-lang/crates.io-index"
checksum = "2791ea3e372c8495c0bc2033991d76b512cd799d07491fbd6890124db9458bef"
dependencies = [
 "darling",
 "proc-macro2",
 "quote",
 "syn",
]

[[package]]
name = "encoding_rs"
version = "0.8.22"
source = "registry+https://github.com/rust-lang/crates.io-index"
checksum = "cd8d03faa7fe0c1431609dfad7bbe827af30f82e1e2ae6f7ee4fca6bd764bc28"
dependencies = [
 "cfg-if",
]

[[package]]
name = "fnv"
version = "1.0.6"
source = "registry+https://github.com/rust-lang/crates.io-index"
checksum = "2fad85553e09a6f881f739c29f0b00b0f01357c743266d478b68951ce23285f3"

[[package]]
name = "gdk-pixbuf-sys"
version = "0.9.1"
source = "registry+https://github.com/rust-lang/crates.io-index"
checksum = "d8991b060a9e9161bafd09bf4a202e6fd404f5b4dd1a08d53a1e84256fb34ab0"
dependencies = [
 "gio-sys",
 "glib-sys",
 "gobject-sys",
 "libc",
 "pkg-config",
]

[[package]]
name = "gdk-sys"
version = "0.9.1"
source = "registry+https://github.com/rust-lang/crates.io-index"
checksum = "6adf679e91d1bff0c06860287f80403e7db54c2d2424dce0a470023b56c88fbb"
dependencies = [
 "cairo-sys-rs",
 "gdk-pixbuf-sys",
 "gio-sys",
 "glib-sys",
 "gobject-sys",
 "libc",
 "pango-sys",
 "pkg-config",
]

[[package]]
name = "gio-sys"
version = "0.9.1"
source = "registry+https://github.com/rust-lang/crates.io-index"
checksum = "4fad225242b9eae7ec8a063bb86974aca56885014672375e5775dc0ea3533911"
dependencies = [
 "glib-sys",
 "gobject-sys",
 "libc",
 "pkg-config",
]

[[package]]
name = "glib-sys"
version = "0.9.1"
source = "registry+https://github.com/rust-lang/crates.io-index"
checksum = "95856f3802f446c05feffa5e24859fe6a183a7cb849c8449afc35c86b1e316e2"
dependencies = [
 "libc",
 "pkg-config",
]

[[package]]
name = "gobject-sys"
version = "0.9.1"
source = "registry+https://github.com/rust-lang/crates.io-index"
checksum = "31d1a804f62034eccf370006ccaef3708a71c31d561fee88564abe71177553d9"
dependencies = [
 "glib-sys",
 "libc",
 "pkg-config",
]

[[package]]
name = "gtk-sys"
version = "0.9.2"
source = "registry+https://github.com/rust-lang/crates.io-index"
checksum = "53def660c7b48b00b510c81ef2d2fbd3c570f1527081d8d7947f471513e1a4c1"
dependencies = [
 "atk-sys",
 "cairo-sys-rs",
 "gdk-pixbuf-sys",
 "gdk-sys",
 "gio-sys",
 "glib-sys",
 "gobject-sys",
 "libc",
 "pango-sys",
 "pkg-config",
]

[[package]]
name = "ident_case"
version = "1.0.1"
source = "registry+https://github.com/rust-lang/crates.io-index"
checksum = "b9e0384b61958566e926dc50660321d12159025e767c18e043daf26b70104c39"

[[package]]
name = "itoa"
version = "0.4.5"
source = "registry+https://github.com/rust-lang/crates.io-index"
checksum = "b8b7a7c0c47db5545ed3fef7468ee7bb5b74691498139e4b3f6a20685dc6dd8e"

[[package]]
name = "javascriptcore-rs-sys"
version = "0.2.0"
source = "registry+https://github.com/rust-lang/crates.io-index"
checksum = "3f46ada8a08dcd75a10afae872fbfb51275df4a8ae0d46b8cc7c708f08dd2998"
dependencies = [
 "libc",
]

[[package]]
name = "libc"
version = "0.2.69"
source = "registry+https://github.com/rust-lang/crates.io-index"
checksum = "99e85c08494b21a9054e7fe1374a732aeadaff3980b6990b94bfd3a70f690005"

[[package]]
name = "memchr"
version = "2.3.3"
source = "registry+https://github.com/rust-lang/crates.io-index"
checksum = "3728d817d99e5ac407411fa471ff9800a778d88a24685968b36824eaf4bee400"

[[package]]
name = "pango-sys"
version = "0.9.1"
source = "registry+https://github.com/rust-lang/crates.io-index"
checksum = "86b93d84907b3cf0819bff8f13598ba72843bee579d5ebc2502e4b0367b4be7d"
dependencies = [
 "glib-sys",
 "gobject-sys",
 "libc",
 "pkg-config",
]

[[package]]
name = "pkg-config"
version = "0.3.17"
source = "registry+https://github.com/rust-lang/crates.io-index"
checksum = "05da548ad6865900e60eaba7f589cc0783590a92e940c26953ff81ddbab2d677"

[[package]]
name = "proc-macro2"
version = "1.0.10"
source = "registry+https://github.com/rust-lang/crates.io-index"
checksum = "df246d292ff63439fea9bc8c0a270bed0e390d5ebd4db4ba15aba81111b5abe3"
dependencies = [
 "unicode-xid",
]

[[package]]
name = "quick-xml"
version = "0.17.2"
source = "registry+https://github.com/rust-lang/crates.io-index"
checksum = "fe1e430bdcf30c9fdc25053b9c459bb1a4672af4617b6c783d7d91dc17c6bbb0"
dependencies = [
 "encoding_rs",
 "memchr",
]

[[package]]
name = "quick-xml"
version = "0.18.1"
source = "registry+https://github.com/rust-lang/crates.io-index"
checksum = "3cc440ee4802a86e357165021e3e255a9143724da31db1e2ea540214c96a0f82"
dependencies = [
 "memchr",
]

[[package]]
name = "quote"
version = "1.0.3"
source = "registry+https://github.com/rust-lang/crates.io-index"
checksum = "2bdc6c187c65bca4260c9011c9e3132efe4909da44726bad24cf7572ae338d7f"
dependencies = [
 "proc-macro2",
]

[[package]]
name = "rss"
version = "1.9.0"
source = "registry+https://github.com/rust-lang/crates.io-index"
checksum = "99979205510c60f80a119dedbabd0b8426517384edf205322f8bcd51796bcef9"
dependencies = [
 "derive_builder",
 "quick-xml 0.17.2",
]

[[package]]
name = "ryu"
version = "1.0.3"
source = "registry+https://github.com/rust-lang/crates.io-index"
checksum = "535622e6be132bccd223f4bb2b8ac8d53cda3c7a6394944d3b2b33fb974f9d76"

[[package]]
name = "serde"
version = "1.0.106"
source = "registry+https://github.com/rust-lang/crates.io-index"
checksum = "36df6ac6412072f67cf767ebbde4133a5b2e88e76dc6187fa7104cd16f783399"
dependencies = [
 "serde_derive",
]

[[package]]
name = "serde_derive"
version = "1.0.106"
source = "registry+https://github.com/rust-lang/crates.io-index"
checksum = "9e549e3abf4fb8621bd1609f11dfc9f5e50320802273b12f3811a67e6716ea6c"
dependencies = [
 "proc-macro2",
 "quote",
 "syn",
]

[[package]]
name = "serde_json"
version = "1.0.51"
source = "registry+https://github.com/rust-lang/crates.io-index"
checksum = "da07b57ee2623368351e9a0488bb0b261322a15a6e0ae53e243cbdc0f4208da9"
dependencies = [
 "itoa",
 "ryu",
 "serde",
]

[[package]]
name = "soup-sys"
version = "0.9.0"
source = "registry+https://github.com/rust-lang/crates.io-index"
checksum = "48a2f246b51c81d4baa1ce611240c2f6e0323ae75f3b6cc9d2d2911e0567962c"
dependencies = [
 "bitflags",
 "gio-sys",
 "glib-sys",
 "gobject-sys",
 "libc",
 "pkg-config",
]

[[package]]
name = "strsim"
version = "0.9.3"
source = "registry+https://github.com/rust-lang/crates.io-index"
checksum = "6446ced80d6c486436db5c078dde11a9f73d42b57fb273121e160b84f63d894c"

[[package]]
name = "syn"
version = "1.0.17"
source = "registry+https://github.com/rust-lang/crates.io-index"
checksum = "0df0eb663f387145cab623dea85b09c2c5b4b0aef44e945d928e682fce71bb03"
dependencies = [
 "proc-macro2",
 "quote",
 "unicode-xid",
]

[[package]]
name = "tinyfiledialogs"
version = "3.3.9"
source = "registry+https://github.com/rust-lang/crates.io-index"
checksum = "848eb50d6d21430349d82418c2244f611b1ad3e1c52c675320338b3102d06554"
dependencies = [
 "cc",
 "libc",
]

[[package]]
name = "toml"
version = "0.4.10"
source = "registry+https://github.com/rust-lang/crates.io-index"
checksum = "758664fc71a3a69038656bee8b6be6477d2a6c315a6b81f7081f591bffa4111f"
dependencies = [
 "serde",
]

[[package]]
name = "unicode-xid"
version = "0.2.0"
source = "registry+https://github.com/rust-lang/crates.io-index"
checksum = "826e7639553986605ec5979c7dd957c7895e93eabed50ab2ffa7f6128a75097c"

[[package]]
name = "urlencoding"
version = "1.0.0"
source = "registry+https://github.com/rust-lang/crates.io-index"
checksum = "3df3561629a8bb4c57e5a2e4c43348d9e29c7c29d9b1c4c1f47166deca8f37ed"

[[package]]
name = "web-view"
version = "0.6.2"
source = "registry+https://github.com/rust-lang/crates.io-index"
checksum = "b3c54d252c61eebfe01950ff8cc09586b3d37a311ab81a996e0b8a11b5dd16e7"
dependencies = [
 "boxfnonce",
 "tinyfiledialogs",
 "urlencoding",
 "webview-sys",
]

[[package]]
name = "webkit2gtk-sys"
version = "0.10.0"
source = "registry+https://github.com/rust-lang/crates.io-index"
checksum = "f438a797e617deaa635e482f0beb29abb3bbe1540709cc20a572cac499b2f980"
dependencies = [
 "atk-sys",
 "bitflags",
 "cairo-sys-rs",
 "gdk-pixbuf-sys",
 "gdk-sys",
 "gio-sys",
 "glib-sys",
 "gobject-sys",
 "gtk-sys",
 "javascriptcore-rs-sys",
 "libc",
 "pango-sys",
 "pkg-config",
 "soup-sys",
]

[[package]]
name = "webview-sys"
version = "0.5.0"
source = "registry+https://github.com/rust-lang/crates.io-index"
checksum = "ebd4dcacd0996a4ba60f7d661408172f9ba2e0176b0841876993df368bfa97cb"
dependencies = [
 "cc",
 "gdk-sys",
 "gio-sys",
 "glib-sys",
 "gobject-sys",
 "gtk-sys",
 "javascriptcore-rs-sys",
 "libc",
 "pkg-config",
 "webkit2gtk-sys",
]
